
Microsoft Visual Studio Solution File, Format Version 12.00
# Visual Studio Version 17
VisualStudioVersion = 17.9.34902.65
MinimumVisualStudioVersion = 10.0.40219.1
Project("{FAE04EC0-301F-11D3-BF4B-00C04F79EFBC}") = "VehicleFinder", "VehicleFinder\VehicleFinder.csproj", "{BFEE938D-E945-4D42-95F9-263A776DE9D2}"
EndProject
Project("{2150E333-8FDC-42A3-9474-1A3956D46DE8}") = "1.Presentation", "1.Presentation", "{88416059-47EE-4796-94A9-B54A6E406B5A}"
EndProject
Project("{2150E333-8FDC-42A3-9474-1A3956D46DE8}") = "2.Modules", "2.Modules", "{3772C7F7-072B-4A10-948B-9423CD2D43D1}"
EndProject
Project("{2150E333-8FDC-42A3-9474-1A3956D46DE8}") = "Vehicles", "Vehicles", "{E214260F-2206-47BB-93A0-319E60052469}"
EndProject
Project("{2150E333-8FDC-42A3-9474-1A3956D46DE8}") = "3.Domain", "3.Domain", "{89AD74FB-203D-4BA4-8DD5-862918936BA6}"
EndProject
Project("{2150E333-8FDC-42A3-9474-1A3956D46DE8}") = "2.Application", "2.Application", "{91851D01-95E6-4926-9D7D-FCE3ED8896A2}"
EndProject
Project("{2150E333-8FDC-42A3-9474-1A3956D46DE8}") = "1.Infrastructure", "1.Infrastructure", "{D5F693F9-A18F-4766-9D64-8CB60C63A98B}"
EndProject
Project("{2150E333-8FDC-42A3-9474-1A3956D46DE8}") = "4.Test", "4.Test", "{1135271C-277F-4EE1-A4C8-38E596683120}"
EndProject
Project("{2150E333-8FDC-42A3-9474-1A3956D46DE8}") = "Persistence", "Persistence", "{2A303964-24FA-4A21-8C3D-C004988579C8}"
EndProject
Project("{2150E333-8FDC-42A3-9474-1A3956D46DE8}") = "EF", "EF", "{B6C4585F-18A9-4A11-A071-372ED550266D}"
EndProject
Project("{2150E333-8FDC-42A3-9474-1A3956D46DE8}") = "Mongo", "Mongo", "{A71029BA-86CE-4EF5-8446-F49F82F4C995}"
EndProject
Project("{2150E333-8FDC-42A3-9474-1A3956D46DE8}") = "Entities", "Entities", "{B5F2E91B-4551-4202-A857-F9A4380DC668}"
EndProject
Project("{2150E333-8FDC-42A3-9474-1A3956D46DE8}") = "Interfaces", "Interfaces", "{8722FBBD-2A27-4C83-9BA4-F859C466A090}"
EndProject
Global
	GlobalSection(SolutionConfigurationPlatforms) = preSolution
		Debug|Any CPU = Debug|Any CPU
		Release|Any CPU = Release|Any CPU
	EndGlobalSection
	GlobalSection(ProjectConfigurationPlatforms) = postSolution
		{BFEE938D-E945-4D42-95F9-263A776DE9D2}.Debug|Any CPU.ActiveCfg = Debug|Any CPU
		{BFEE938D-E945-4D42-95F9-263A776DE9D2}.Debug|Any CPU.Build.0 = Debug|Any CPU
		{BFEE938D-E945-4D42-95F9-263A776DE9D2}.Release|Any CPU.ActiveCfg = Release|Any CPU
		{BFEE938D-E945-4D42-95F9-263A776DE9D2}.Release|Any CPU.Build.0 = Release|Any CPU
	EndGlobalSection
	GlobalSection(SolutionProperties) = preSolution
		HideSolutionNode = FALSE
	EndGlobalSection
	GlobalSection(NestedProjects) = preSolution
		{BFEE938D-E945-4D42-95F9-263A776DE9D2} = {88416059-47EE-4796-94A9-B54A6E406B5A}
		{E214260F-2206-47BB-93A0-319E60052469} = {3772C7F7-072B-4A10-948B-9423CD2D43D1}
		{89AD74FB-203D-4BA4-8DD5-862918936BA6} = {E214260F-2206-47BB-93A0-319E60052469}
		{91851D01-95E6-4926-9D7D-FCE3ED8896A2} = {E214260F-2206-47BB-93A0-319E60052469}
		{D5F693F9-A18F-4766-9D64-8CB60C63A98B} = {E214260F-2206-47BB-93A0-319E60052469}
		{1135271C-277F-4EE1-A4C8-38E596683120} = {E214260F-2206-47BB-93A0-319E60052469}
		{2A303964-24FA-4A21-8C3D-C004988579C8} = {D5F693F9-A18F-4766-9D64-8CB60C63A98B}
		{B6C4585F-18A9-4A11-A071-372ED550266D} = {2A303964-24FA-4A21-8C3D-C004988579C8}
		{A71029BA-86CE-4EF5-8446-F49F82F4C995} = {2A303964-24FA-4A21-8C3D-C004988579C8}
		{B5F2E91B-4551-4202-A857-F9A4380DC668} = {89AD74FB-203D-4BA4-8DD5-862918936BA6}
		{8722FBBD-2A27-4C83-9BA4-F859C466A090} = {89AD74FB-203D-4BA4-8DD5-862918936BA6}
	EndGlobalSection
	GlobalSection(ExtensibilityGlobals) = postSolution
		SolutionGuid = {56FF05BF-0607-4D33-BFE5-A2CD6305DDBB}
	EndGlobalSection
EndGlobal
